
Microsoft Visual Studio Solution File, Format Version 12.00
# Visual Studio Version 17
VisualStudioVersion = 17.12.35527.113 d17.12
MinimumVisualStudioVersion = 10.0.40219.1
Project("{FAE04EC0-301F-11D3-BF4B-00C04F79EFBC}") = "NBAPredictor.API", "NBAPredictor.API.csproj", "{15E440EE-434B-486C-BA89-9C2B4A0981E9}"
EndProject
Project("{FAE04EC0-301F-11D3-BF4B-00C04F79EFBC}") = "NBAPredictor.Infrastructure", "..\NBAPredictor.Infrastructure\NBAPredictor.Infrastructure.csproj", "{18FD8BCB-B62E-4711-9411-58408F99E050}"
EndProject
Project("{FAE04EC0-301F-11D3-BF4B-00C04F79EFBC}") = "NBAPredictor.Domain", "..\NBAPredictor.Domain\NBAPredictor.Domain.csproj", "{06BAD4C9-7B14-431C-AAA2-AA0E140B3464}"
EndProject
Project("{FAE04EC0-301F-11D3-BF4B-00C04F79EFBC}") = "NBAPredictor.Core", "..\NBAPredictor.Core\NBAPredictor.Core.csproj", "{58D3D124-D7D9-41C2-8A04-4146339F8270}"
EndProject
Global
	GlobalSection(SolutionConfigurationPlatforms) = preSolution
		Debug|Any CPU = Debug|Any CPU
		Release|Any CPU = Release|Any CPU
	EndGlobalSection
	GlobalSection(ProjectConfigurationPlatforms) = postSolution
		{15E440EE-434B-486C-BA89-9C2B4A0981E9}.Debug|Any CPU.ActiveCfg = Debug|Any CPU
		{15E440EE-434B-486C-BA89-9C2B4A0981E9}.Debug|Any CPU.Build.0 = Debug|Any CPU
		{15E440EE-434B-486C-BA89-9C2B4A0981E9}.Release|Any CPU.ActiveCfg = Release|Any CPU
		{15E440EE-434B-486C-BA89-9C2B4A0981E9}.Release|Any CPU.Build.0 = Release|Any CPU
		{18FD8BCB-B62E-4711-9411-58408F99E050}.Debug|Any CPU.ActiveCfg = Debug|Any CPU
		{18FD8BCB-B62E-4711-9411-58408F99E050}.Debug|Any CPU.Build.0 = Debug|Any CPU
		{18FD8BCB-B62E-4711-9411-58408F99E050}.Release|Any CPU.ActiveCfg = Release|Any CPU
		{18FD8BCB-B62E-4711-9411-58408F99E050}.Release|Any CPU.Build.0 = Release|Any CPU
		{06BAD4C9-7B14-431C-AAA2-AA0E140B3464}.Debug|Any CPU.ActiveCfg = Debug|Any CPU
		{06BAD4C9-7B14-431C-AAA2-AA0E140B3464}.Debug|Any CPU.Build.0 = Debug|Any CPU
		{06BAD4C9-7B14-431C-AAA2-AA0E140B3464}.Release|Any CPU.ActiveCfg = Release|Any CPU
		{06BAD4C9-7B14-431C-AAA2-AA0E140B3464}.Release|Any CPU.Build.0 = Release|Any CPU
		{58D3D124-D7D9-41C2-8A04-4146339F8270}.Debug|Any CPU.ActiveCfg = Debug|Any CPU
		{58D3D124-D7D9-41C2-8A04-4146339F8270}.Debug|Any CPU.Build.0 = Debug|Any CPU
		{58D3D124-D7D9-41C2-8A04-4146339F8270}.Release|Any CPU.ActiveCfg = Release|Any CPU
		{58D3D124-D7D9-41C2-8A04-4146339F8270}.Release|Any CPU.Build.0 = Release|Any CPU
	EndGlobalSection
	GlobalSection(SolutionProperties) = preSolution
		HideSolutionNode = FALSE
	EndGlobalSection
EndGlobal
